// !$*UTF8*$!
{
	archiveVersion = 1;
	classes = {
	};
	objectVersion = 50;
	objects = {

/* Begin PBXBuildFile section */
		3F29633A238E0CD8004197DC /* AppDelegate.swift in Sources */ = {isa = PBXBuildFile; fileRef = 3F296339238E0CD8004197DC /* AppDelegate.swift */; };
		3F29633C238E0CD8004197DC /* ViewController.swift in Sources */ = {isa = PBXBuildFile; fileRef = 3F29633B238E0CD8004197DC /* ViewController.swift */; };
		3F29633F238E0CD8004197DC /* Main.storyboard in Resources */ = {isa = PBXBuildFile; fileRef = 3F29633D238E0CD8004197DC /* Main.storyboard */; };
		3F296342238E0CD8004197DC /* Simple_ToDoApp.xcdatamodeld in Sources */ = {isa = PBXBuildFile; fileRef = 3F296340238E0CD8004197DC /* Simple_ToDoApp.xcdatamodeld */; };
		3F296344238E0CD9004197DC /* Assets.xcassets in Resources */ = {isa = PBXBuildFile; fileRef = 3F296343238E0CD9004197DC /* Assets.xcassets */; };
		3F296347238E0CD9004197DC /* LaunchScreen.storyboard in Resources */ = {isa = PBXBuildFile; fileRef = 3F296345238E0CD9004197DC /* LaunchScreen.storyboard */; };
/* End PBXBuildFile section */

/* Begin PBXFileReference section */
		3F296336238E0CD8004197DC /* Simple_ToDoApp.app */ = {isa = PBXFileReference; explicitFileType = wrapper.application; includeInIndex = 0; path = Simple_ToDoApp.app; sourceTree = BUILT_PRODUCTS_DIR; };
		3F296339238E0CD8004197DC /* AppDelegate.swift */ = {isa = PBXFileReference; lastKnownFileType = sourcecode.swift; path = AppDelegate.swift; sourceTree = "<group>"; };
		3F29633B238E0CD8004197DC /* ViewController.swift */ = {isa = PBXFileReference; lastKnownFileType = sourcecode.swift; path = ViewController.swift; sourceTree = "<group>"; };
		3F29633E238E0CD8004197DC /* Base */ = {isa = PBXFileReference; lastKnownFileType = file.storyboard; name = Base; path = Base.lproj/Main.storyboard; sourceTree = "<group>"; };
		3F296341238E0CD8004197DC /* Simple_ToDoApp.xcdatamodel */ = {isa = PBXFileReference; lastKnownFileType = wrapper.xcdatamodel; path = Simple_ToDoApp.xcdatamodel; sourceTree = "<group>"; };
		3F296343238E0CD9004197DC /* Assets.xcassets */ = {isa = PBXFileReference; lastKnownFileType = folder.assetcatalog; path = Assets.xcassets; sourceTree = "<group>"; };
		3F296346238E0CD9004197DC /* Base */ = {isa = PBXFileReference; lastKnownFileType = file.storyboard; name = Base; path = Base.lproj/LaunchScreen.storyboard; sourceTree = "<group>"; };
		3F296348238E0CD9004197DC /* Info.plist */ = {isa = PBXFileReference; lastKnownFileType = text.plist.xml; path = Info.plist; sourceTree = "<group>"; };
/* End PBXFileReference section */

/* Begin PBXFrameworksBuildPhase section */
		3F296333238E0CD8004197DC /* Frameworks */ = {
			isa = PBXFrameworksBuildPhase;
			buildActionMask = 2147483647;
			files = (
			);
			runOnlyForDeploymentPostprocessing = 0;
		};
/* End PBXFrameworksBuildPhase section */

/* Begin PBXGroup section */
		3F29632D238E0CD8004197DC = {
			isa = PBXGroup;
			children = (
				3F296338238E0CD8004197DC /* Simple_ToDoApp */,
				3F296337238E0CD8004197DC /* Products */,
			);
			sourceTree = "<group>";
		};
		3F296337238E0CD8004197DC /* Products */ = {
			isa = PBXGroup;
			children = (
				3F296336238E0CD8004197DC /* Simple_ToDoApp.app */,
			);
			name = Products;
			sourceTree = "<group>";
		};
		3F296338238E0CD8004197DC /* Simple_ToDoApp */ = {
			isa = PBXGroup;
			children = (
				3F296339238E0CD8004197DC /* AppDelegate.swift */,
				3F29633B238E0CD8004197DC /* ViewController.swift */,
				3F29633D238E0CD8004197DC /* Main.storyboard */,
				3F296343238E0CD9004197DC /* Assets.xcassets */,
				3F296345238E0CD9004197DC /* LaunchScreen.storyboard */,
				3F296348238E0CD9004197DC /* Info.plist */,
				3F296340238E0CD8004197DC /* Simple_ToDoApp.xcdatamodeld */,
			);
			path = Simple_ToDoApp;
			sourceTree = "<group>";
		};
/* End PBXGroup section */

/* Begin PBXNativeTarget section */
		3F296335238E0CD8004197DC /* Simple_ToDoApp */ = {
			isa = PBXNativeTarget;
			buildConfigurationList = 3F29634B238E0CD9004197DC /* Build configuration list for PBXNativeTarget "Simple_ToDoApp" */;
			buildPhases = (
				3F296332238E0CD8004197DC /* Sources */,
				3F296333238E0CD8004197DC /* Frameworks */,
				3F296334238E0CD8004197DC /* Resources */,
			);
			buildRules = (
			);
			dependencies = (
			);
			name = Simple_ToDoApp;
			productName = Simple_ToDoApp;
			productReference = 3F296336238E0CD8004197DC /* Simple_ToDoApp.app */;
			productType = "com.apple.product-type.application";
		};
/* End PBXNativeTarget section */

/* Begin PBXProject section */
		3F29632E238E0CD8004197DC /* Project object */ = {
			isa = PBXProject;
			attributes = {
				LastSwiftUpdateCheck = 1030;
				LastUpgradeCheck = 1030;
				ORGANIZATIONNAME = CentennialCollege;
				TargetAttributes = {
					3F296335238E0CD8004197DC = {
						CreatedOnToolsVersion = 10.3;
					};
				};
			};
			buildConfigurationList = 3F296331238E0CD8004197DC /* Build configuration list for PBXProject "Simple_ToDoApp" */;
			compatibilityVersion = "Xcode 9.3";
			developmentRegion = en;
			hasScannedForEncodings = 0;
			knownRegions = (
				en,
				Base,
			);
			mainGroup = 3F29632D238E0CD8004197DC;
			productRefGroup = 3F296337238E0CD8004197DC /* Products */;
			projectDirPath = "";
			projectRoot = "";
			targets = (
				3F296335238E0CD8004197DC /* Simple_ToDoApp */,
			);
		};
/* End PBXProject section */

/* Begin PBXResourcesBuildPhase section */
		3F296334238E0CD8004197DC /* Resources */ = {
			isa = PBXResourcesBuildPhase;
			buildActionMask = 2147483647;
			files = (
				3F296347238E0CD9004197DC /* LaunchScreen.storyboard in Resources */,
				3F296344238E0CD9004197DC /* Assets.xcassets in Resources */,
				3F29633F238E0CD8004197DC /* Main.storyboard in Resources */,
			);
			runOnlyForDeploymentPostprocessing = 0;
		};
/* End PBXResourcesBuildPhase section */

/* Begin PBXSourcesBuildPhase section */
		3F296332238E0CD8004197DC /* Sources */ = {
			isa = PBXSourcesBuildPhase;
			buildActionMask = 2147483647;
			files = (
				3F29633C238E0CD8004197DC /* ViewController.swift in Sources */,
				3F29633A238E0CD8004197DC /* AppDelegate.swift in Sources */,
				3F296342238E0CD8004197DC /* Simple_ToDoApp.xcdatamodeld in Sources */,
			);
			runOnlyForDeploymentPostprocessing = 0;
		};
/* End PBXSourcesBuildPhase section */

/* Begin PBXVariantGroup section */
		3F29633D238E0CD8004197DC /* Main.storyboard */ = {
			isa = PBXVariantGroup;
			children = (
				3F29633E238E0CD8004197DC /* Base */,
			);
			name = Main.storyboard;
			sourceTree = "<group>";
		};
		3F296345238E0CD9004197DC /* LaunchScreen.storyboard */ = {
			isa = PBXVariantGroup;
			children = (
				3F296346238E0CD9004197DC /* Base */,
			);
			name = LaunchScreen.storyboard;
			sourceTree = "<group>";
		};
/* End PBXVariantGroup section */

/* Begin XCBuildConfiguration section */
		3F296349238E0CD9004197DC /* Debug */ = {
			isa = XCBuildConfiguration;
			buildSettings = {
				ALWAYS_SEARCH_USER_PATHS = NO;
				CLANG_ANALYZER_NONNULL = YES;
				CLANG_ANALYZER_NUMBER_OBJECT_CONVERSION = YES_AGGRESSIVE;
				CLANG_CXX_LANGUAGE_STANDARD = "gnu++14";
				CLANG_CXX_LIBRARY = "libc++";
				CLANG_ENABLE_MODULES = YES;
				CLANG_ENABLE_OBJC_ARC = YES;
				CLANG_ENABLE_OBJC_WEAK = YES;
				CLANG_WARN_BLOCK_CAPTURE_AUTORELEASING = YES;
				CLANG_WARN_BOOL_CONVERSION = YES;
				CLANG_WARN_COMMA = YES;
				CLANG_WARN_CONSTANT_CONVERSION = YES;
				CLANG_WARN_DEPRECATED_OBJC_IMPLEMENTATIONS = YES;
				CLANG_WARN_DIRECT_OBJC_ISA_USAGE = YES_ERROR;
				CLANG_WARN_DOCUMENTATION_COMMENTS = YES;
				CLANG_WARN_EMPTY_BODY = YES;
				CLANG_WARN_ENUM_CONVERSION = YES;
				CLANG_WARN_INFINITE_RECURSION = YES;
				CLANG_WARN_INT_CONVERSION = YES;
				CLANG_WARN_NON_LITERAL_NULL_CONVERSION = YES;
				CLANG_WARN_OBJC_IMPLICIT_RETAIN_SELF = YES;
				CLANG_WARN_OBJC_LITERAL_CONVERSION = YES;
				CLANG_WARN_OBJC_ROOT_CLASS = YES_ERROR;
				CLANG_WARN_RANGE_LOOP_ANALYSIS = YES;
				CLANG_WARN_STRICT_PROTOTYPES = YES;
				CLANG_WARN_SUSPICIOUS_MOVE = YES;
				CLANG_WARN_UNGUARDED_AVAILABILITY = YES_AGGRESSIVE;
				CLANG_WARN_UNREACHABLE_CODE = YES;
				CLANG_WARN__DUPLICATE_METHOD_MATCH = YES;
				CODE_SIGN_IDENTITY = "iPhone Developer";
				COPY_PHASE_STRIP = NO;
				DEBUG_INFORMATION_FORMAT = dwarf;
				ENABLE_STRICT_OBJC_MSGSEND = YES;
				ENABLE_TESTABILITY = YES;
				GCC_C_LANGUAGE_STANDARD = gnu11;
				GCC_DYNAMIC_NO_PIC = NO;
				GCC_NO_COMMON_BLOCKS = YES;
				GCC_OPTIMIZATION_LEVEL = 0;
				GCC_PREPROCESSOR_DEFINITIONS = (
					"DEBUG=1",
					"$(inherited)",
				);
				GCC_WARN_64_TO_32_BIT_CONVERSION = YES;
				GCC_WARN_ABOUT_RETURN_TYPE = YES_ERROR;
				GCC_WARN_UNDECLARED_SELECTOR = YES;
				GCC_WARN_UNINITIALIZED_AUTOS = YES_AGGRESSIVE;
				GCC_WARN_UNUSED_FUNCTION = YES;
				GCC_WARN_UNUSED_VARIABLE = YES;
				IPHONEOS_DEPLOYMENT_TARGET = 12.4;
				MTL_ENABLE_DEBUG_INFO = INCLUDE_SOURCE;
				MTL_FAST_MATH = YES;
				ONLY_ACTIVE_ARCH = YES;
				SDKROOT = iphoneos;
				SWIFT_ACTIVE_COMPILATION_CONDITIONS = DEBUG;
				SWIFT_OPTIMIZATION_LEVEL = "-Onone";
			};
			name = Debug;
		};
		3F29634A238E0CD9004197DC /* Release */ = {
			isa = XCBuildConfiguration;
			buildSettings = {
				ALWAYS_SEARCH_USER_PATHS = NO;
				CLANG_ANALYZER_NONNULL = YES;
				CLANG_ANALYZER_NUMBER_OBJECT_CONVERSION = YES_AGGRESSIVE;
				CLANG_CXX_LANGUAGE_STANDARD = "gnu++14";
				CLANG_CXX_LIBRARY = "libc++";
				CLANG_ENABLE_MODULES = YES;
				CLANG_ENABLE_OBJC_ARC = YES;
				CLANG_ENABLE_OBJC_WEAK = YES;
				CLANG_WARN_BLOCK_CAPTURE_AUTORELEASING = YES;
				CLANG_WARN_BOOL_CONVERSION = YES;
				CLANG_WARN_COMMA = YES;
				CLANG_WARN_CONSTANT_CONVERSION = YES;
				CLANG_WARN_DEPRECATED_OBJC_IMPLEMENTATIONS = YES;
				CLANG_WARN_DIRECT_OBJC_ISA_USAGE = YES_ERROR;
				CLANG_WARN_DOCUMENTATION_COMMENTS = YES;
				CLANG_WARN_EMPTY_BODY = YES;
				CLANG_WARN_ENUM_CONVERSION = YES;
				CLANG_WARN_INFINITE_RECURSION = YES;
				CLANG_WARN_INT_CONVERSION = YES;
				CLANG_WARN_NON_LITERAL_NULL_CONVERSION = YES;
				CLANG_WARN_OBJC_IMPLICIT_RETAIN_SELF = YES;
				CLANG_WARN_OBJC_LITERAL_CONVERSION = YES;
				CLANG_WARN_OBJC_ROOT_CLASS = YES_ERROR;
				CLANG_WARN_RANGE_LOOP_ANALYSIS = YES;
				CLANG_WARN_STRICT_PROTOTYPES = YES;
				CLANG_WARN_SUSPICIOUS_MOVE = YES;
				CLANG_WARN_UNGUARDED_AVAILABILITY = YES_AGGRESSIVE;
				CLANG_WARN_UNREACHABLE_CODE = YES;
				CLANG_WARN__DUPLICATE_METHOD_MATCH = YES;
				CODE_SIGN_IDENTITY = "iPhone Developer";
				COPY_PHASE_STRIP = NO;
				DEBUG_INFORMATION_FORMAT = "dwarf-with-dsym";
				ENABLE_NS_ASSERTIONS = NO;
				ENABLE_STRICT_OBJC_MSGSEND = YES;
				GCC_C_LANGUAGE_STANDARD = gnu11;
				GCC_NO_COMMON_BLOCKS = YES;
				GCC_WARN_64_TO_32_BIT_CONVERSION = YES;
				GCC_WARN_ABOUT_RETURN_TYPE = YES_ERROR;
				GCC_WARN_UNDECLARED_SELECTOR = YES;
				GCC_WARN_UNINITIALIZED_AUTOS = YES_AGGRESSIVE;
				GCC_WARN_UNUSED_FUNCTION = YES;
				GCC_WARN_UNUSED_VARIABLE = YES;
				IPHONEOS_DEPLOYMENT_TARGET = 12.4;
				MTL_ENABLE_DEBUG_INFO = NO;
				MTL_FAST_MATH = YES;
				SDKROOT = iphoneos;
				SWIFT_COMPILATION_MODE = wholemodule;
				SWIFT_OPTIMIZATION_LEVEL = "-O";
				VALIDATE_PRODUCT = YES;
			};
			name = Release;
		};
		3F29634C238E0CD9004197DC /* Debug */ = {
			isa = XCBuildConfiguration;
			buildSettings = {
				ASSETCATALOG_COMPILER_APPICON_NAME = AppIcon;
				CODE_SIGN_STYLE = Automatic;
				DEVELOPMENT_TEAM = 2BULHRS882;
				INFOPLIST_FILE = Simple_ToDoApp/Info.plist;
				LD_RUNPATH_SEARCH_PATHS = (
					"$(inherited)",
					"@executable_path/Frameworks",
				);
				PRODUCT_BUNDLE_IDENTIFIER = "ca.centennialcollege.Simple-ToDoApp";
				PRODUCT_NAME = "$(TARGET_NAME)";
				SWIFT_VERSION = 5.0;
				TARGETED_DEVICE_FAMILY = "1,2";
			};
			name = Debug;
		};
		3F29634D238E0CD9004197DC /* Release */ = {
			isa = XCBuildConfiguration;
			buildSettings = {
				ASSETCATALOG_COMPILER_APPICON_NAME = AppIcon;
				CODE_SIGN_STYLE = Automatic;
				DEVELOPMENT_TEAM = 2BULHRS882;
				INFOPLIST_FILE = Simple_ToDoApp/Info.plist;
				LD_RUNPATH_SEARCH_PATHS = (
					"$(inherited)",
					"@executable_path/Frameworks",
				);
				PRODUCT_BUNDLE_IDENTIFIER = "ca.centennialcollege.Simple-ToDoApp";
				PRODUCT_NAME = "$(TARGET_NAME)";
				SWIFT_VERSION = 5.0;
				TARGETED_DEVICE_FAMILY = "1,2";
			};
			name = Release;
		};
/* End XCBuildConfiguration section */

/* Begin XCConfigurationList section */
		3F296331238E0CD8004197DC /* Build configuration list for PBXProject "Simple_ToDoApp" */ = {
			isa = XCConfigurationList;
			buildConfigurations = (
				3F296349238E0CD9004197DC /* Debug */,
				3F29634A238E0CD9004197DC /* Release */,
			);
			defaultConfigurationIsVisible = 0;
			defaultConfigurationName = Release;
		};
		3F29634B238E0CD9004197DC /* Build configuration list for PBXNativeTarget "Simple_ToDoApp" */ = {
			isa = XCConfigurationList;
			buildConfigurations = (
				3F29634C238E0CD9004197DC /* Debug */,
				3F29634D238E0CD9004197DC /* Release */,
			);
			defaultConfigurationIsVisible = 0;
			defaultConfigurationName = Release;
		};
/* End XCConfigurationList section */

/* Begin XCVersionGroup section */
		3F296340238E0CD8004197DC /* Simple_ToDoApp.xcdatamodeld */ = {
			isa = XCVersionGroup;
			children = (
				3F296341238E0CD8004197DC /* Simple_ToDoApp.xcdatamodel */,
			);
			currentVersion = 3F296341238E0CD8004197DC /* Simple_ToDoApp.xcdatamodel */;
			path = Simple_ToDoApp.xcdatamodeld;
			sourceTree = "<group>";
			versionGroupType = wrapper.xcdatamodel;
		};
/* End XCVersionGroup section */
	};
	rootObject = 3F29632E238E0CD8004197DC /* Project object */;
}
